// !$*UTF8*$!
{
	archiveVersion = 1;
	classes = {
	};
	objectVersion = 55;
	objects = {

/* Begin PBXBuildFile section */
		30C8AC66289E2F8100E1B967 /* AppDelegate.swift in Sources */ = {isa = PBXBuildFile; fileRef = 30C8AC65289E2F8100E1B967 /* AppDelegate.swift */; };
		30C8AC68289E2F8200E1B967 /* SceneDelegate.swift in Sources */ = {isa = PBXBuildFile; fileRef = 30C8AC67289E2F8200E1B967 /* SceneDelegate.swift */; };
		30C8AC6D289E2F8200E1B967 /* Main.storyboard in Resources */ = {isa = PBXBuildFile; fileRef = 30C8AC6B289E2F8200E1B967 /* Main.storyboard */; };
		30C8AC70289E2F8200E1B967 /* virtual_tourist.xcdatamodeld in Sources */ = {isa = PBXBuildFile; fileRef = 30C8AC6E289E2F8200E1B967 /* virtual_tourist.xcdatamodeld */; };
		30C8AC72289E2F8300E1B967 /* Assets.xcassets in Resources */ = {isa = PBXBuildFile; fileRef = 30C8AC71289E2F8300E1B967 /* Assets.xcassets */; };
		30C8AC75289E2F8300E1B967 /* LaunchScreen.storyboard in Resources */ = {isa = PBXBuildFile; fileRef = 30C8AC73289E2F8300E1B967 /* LaunchScreen.storyboard */; };
		30C8AC84289E5CF700E1B967 /* APIClient.swift in Sources */ = {isa = PBXBuildFile; fileRef = 30C8AC83289E5CF700E1B967 /* APIClient.swift */; };
		30C8AC87289E5ECD00E1B967 /* SearchRequestParams.swift in Sources */ = {isa = PBXBuildFile; fileRef = 30C8AC86289E5ECD00E1B967 /* SearchRequestParams.swift */; };
		30C8AC8B28A0922600E1B967 /* PhotoResponse.swift in Sources */ = {isa = PBXBuildFile; fileRef = 30C8AC8A28A0922600E1B967 /* PhotoResponse.swift */; };
		30C8AC8D28A0987600E1B967 /* DataController.swift in Sources */ = {isa = PBXBuildFile; fileRef = 30C8AC8C28A0987600E1B967 /* DataController.swift */; };
		30C8AC9028A0A1AC00E1B967 /* Pin+Extensions.swift in Sources */ = {isa = PBXBuildFile; fileRef = 30C8AC8F28A0A1AC00E1B967 /* Pin+Extensions.swift */; };
		30C8AC9228A0A1E700E1B967 /* PhotoExtensions.swift in Sources */ = {isa = PBXBuildFile; fileRef = 30C8AC9128A0A1E700E1B967 /* PhotoExtensions.swift */; };
		30C8AC9428A0A27100E1B967 /* MapViewController.swift in Sources */ = {isa = PBXBuildFile; fileRef = 30C8AC9328A0A27100E1B967 /* MapViewController.swift */; };
		30C8AC9628A0B8EF00E1B967 /* MapLocationPin.swift in Sources */ = {isa = PBXBuildFile; fileRef = 30C8AC9528A0B8EF00E1B967 /* MapLocationPin.swift */; };
		30C8AC9828A0BB5700E1B967 /* PhotoAlbumViewController.swift in Sources */ = {isa = PBXBuildFile; fileRef = 30C8AC9728A0BB5700E1B967 /* PhotoAlbumViewController.swift */; };
		30C8AC9A28A0D4F800E1B967 /* PhotoAlbumViewCell.swift in Sources */ = {isa = PBXBuildFile; fileRef = 30C8AC9928A0D4F800E1B967 /* PhotoAlbumViewCell.swift */; };
/* End PBXBuildFile section */

/* Begin PBXFileReference section */
		30C8AC62289E2F8100E1B967 /* virtual-tourist.app */ = {isa = PBXFileReference; explicitFileType = wrapper.application; includeInIndex = 0; path = "virtual-tourist.app"; sourceTree = BUILT_PRODUCTS_DIR; };
		30C8AC65289E2F8100E1B967 /* AppDelegate.swift */ = {isa = PBXFileReference; lastKnownFileType = sourcecode.swift; path = AppDelegate.swift; sourceTree = "<group>"; };
		30C8AC67289E2F8200E1B967 /* SceneDelegate.swift */ = {isa = PBXFileReference; lastKnownFileType = sourcecode.swift; path = SceneDelegate.swift; sourceTree = "<group>"; };
		30C8AC6C289E2F8200E1B967 /* Base */ = {isa = PBXFileReference; lastKnownFileType = file.storyboard; name = Base; path = Base.lproj/Main.storyboard; sourceTree = "<group>"; };
		30C8AC6F289E2F8200E1B967 /* virtual_tourist.xcdatamodel */ = {isa = PBXFileReference; lastKnownFileType = wrapper.xcdatamodel; path = virtual_tourist.xcdatamodel; sourceTree = "<group>"; };
		30C8AC71289E2F8300E1B967 /* Assets.xcassets */ = {isa = PBXFileReference; lastKnownFileType = folder.assetcatalog; path = Assets.xcassets; sourceTree = "<group>"; };
		30C8AC74289E2F8300E1B967 /* Base */ = {isa = PBXFileReference; lastKnownFileType = file.storyboard; name = Base; path = Base.lproj/LaunchScreen.storyboard; sourceTree = "<group>"; };
		30C8AC76289E2F8300E1B967 /* Info.plist */ = {isa = PBXFileReference; lastKnownFileType = text.plist.xml; path = Info.plist; sourceTree = "<group>"; };
		30C8AC83289E5CF700E1B967 /* APIClient.swift */ = {isa = PBXFileReference; lastKnownFileType = sourcecode.swift; path = APIClient.swift; sourceTree = "<group>"; };
		30C8AC86289E5ECD00E1B967 /* SearchRequestParams.swift */ = {isa = PBXFileReference; lastKnownFileType = sourcecode.swift; path = SearchRequestParams.swift; sourceTree = "<group>"; };
		30C8AC8A28A0922600E1B967 /* PhotoResponse.swift */ = {isa = PBXFileReference; lastKnownFileType = sourcecode.swift; path = PhotoResponse.swift; sourceTree = "<group>"; };
		30C8AC8C28A0987600E1B967 /* DataController.swift */ = {isa = PBXFileReference; lastKnownFileType = sourcecode.swift; path = DataController.swift; sourceTree = "<group>"; };
		30C8AC8F28A0A1AC00E1B967 /* Pin+Extensions.swift */ = {isa = PBXFileReference; lastKnownFileType = sourcecode.swift; path = "Pin+Extensions.swift"; sourceTree = "<group>"; };
		30C8AC9128A0A1E700E1B967 /* PhotoExtensions.swift */ = {isa = PBXFileReference; lastKnownFileType = sourcecode.swift; path = PhotoExtensions.swift; sourceTree = "<group>"; };
		30C8AC9328A0A27100E1B967 /* MapViewController.swift */ = {isa = PBXFileReference; lastKnownFileType = sourcecode.swift; path = MapViewController.swift; sourceTree = "<group>"; };
		30C8AC9528A0B8EF00E1B967 /* MapLocationPin.swift */ = {isa = PBXFileReference; lastKnownFileType = sourcecode.swift; path = MapLocationPin.swift; sourceTree = "<group>"; };
		30C8AC9728A0BB5700E1B967 /* PhotoAlbumViewController.swift */ = {isa = PBXFileReference; lastKnownFileType = sourcecode.swift; path = PhotoAlbumViewController.swift; sourceTree = "<group>"; };
		30C8AC9928A0D4F800E1B967 /* PhotoAlbumViewCell.swift */ = {isa = PBXFileReference; lastKnownFileType = sourcecode.swift; path = PhotoAlbumViewCell.swift; sourceTree = "<group>"; };
/* End PBXFileReference section */

/* Begin PBXFrameworksBuildPhase section */
		30C8AC5F289E2F8100E1B967 /* Frameworks */ = {
			isa = PBXFrameworksBuildPhase;
			buildActionMask = 2147483647;
			files = (
			);
			runOnlyForDeploymentPostprocessing = 0;
		};
/* End PBXFrameworksBuildPhase section */

/* Begin PBXGroup section */
		30C8AC59289E2F8100E1B967 = {
			isa = PBXGroup;
			children = (
				30C8AC64289E2F8100E1B967 /* virtual-tourist */,
				30C8AC63289E2F8100E1B967 /* Products */,
			);
			sourceTree = "<group>";
		};
		30C8AC63289E2F8100E1B967 /* Products */ = {
			isa = PBXGroup;
			children = (
				30C8AC62289E2F8100E1B967 /* virtual-tourist.app */,
			);
			name = Products;
			sourceTree = "<group>";
		};
		30C8AC64289E2F8100E1B967 /* virtual-tourist */ = {
			isa = PBXGroup;
			children = (
				30C8AC7F289E5CBC00E1B967 /* Views */,
				30C8AC7E289E5CB500E1B967 /* Controllers */,
				30C8AC7D289E5CAC00E1B967 /* Models */,
				30C8AC65289E2F8100E1B967 /* AppDelegate.swift */,
				30C8AC67289E2F8200E1B967 /* SceneDelegate.swift */,
				30C8AC6B289E2F8200E1B967 /* Main.storyboard */,
				30C8AC71289E2F8300E1B967 /* Assets.xcassets */,
				30C8AC73289E2F8300E1B967 /* LaunchScreen.storyboard */,
				30C8AC76289E2F8300E1B967 /* Info.plist */,
			);
			path = "virtual-tourist";
			sourceTree = "<group>";
		};
		30C8AC7D289E5CAC00E1B967 /* Models */ = {
			isa = PBXGroup;
			children = (
				30C8AC8E28A0A19300E1B967 /* ManagedObjectsExtensions */,
				30C8AC85289E5D2A00E1B967 /* Data */,
				30C8AC82289E5CDE00E1B967 /* Client */,
			);
			path = Models;
			sourceTree = "<group>";
		};
		30C8AC7E289E5CB500E1B967 /* Controllers */ = {
			isa = PBXGroup;
			children = (
				30C8AC9328A0A27100E1B967 /* MapViewController.swift */,
				30C8AC9728A0BB5700E1B967 /* PhotoAlbumViewController.swift */,
			);
			path = Controllers;
			sourceTree = "<group>";
		};
		30C8AC7F289E5CBC00E1B967 /* Views */ = {
			isa = PBXGroup;
			children = (
				30C8AC9528A0B8EF00E1B967 /* MapLocationPin.swift */,
				30C8AC9928A0D4F800E1B967 /* PhotoAlbumViewCell.swift */,
			);
			path = Views;
			sourceTree = "<group>";
		};
		30C8AC80289E5CD000E1B967 /* Request */ = {
			isa = PBXGroup;
			children = (
				30C8AC86289E5ECD00E1B967 /* SearchRequestParams.swift */,
			);
			path = Request;
			sourceTree = "<group>";
		};
		30C8AC81289E5CD800E1B967 /* Response */ = {
			isa = PBXGroup;
			children = (
				30C8AC8A28A0922600E1B967 /* PhotoResponse.swift */,
			);
			path = Response;
			sourceTree = "<group>";
		};
		30C8AC82289E5CDE00E1B967 /* Client */ = {
			isa = PBXGroup;
			children = (
				30C8AC81289E5CD800E1B967 /* Response */,
				30C8AC80289E5CD000E1B967 /* Request */,
				30C8AC83289E5CF700E1B967 /* APIClient.swift */,
			);
			path = Client;
			sourceTree = "<group>";
		};
		30C8AC85289E5D2A00E1B967 /* Data */ = {
			isa = PBXGroup;
			children = (
				30C8AC6E289E2F8200E1B967 /* virtual_tourist.xcdatamodeld */,
				30C8AC8C28A0987600E1B967 /* DataController.swift */,
			);
			path = Data;
			sourceTree = "<group>";
		};
		30C8AC8E28A0A19300E1B967 /* ManagedObjectsExtensions */ = {
			isa = PBXGroup;
			children = (
				30C8AC8F28A0A1AC00E1B967 /* Pin+Extensions.swift */,
				30C8AC9128A0A1E700E1B967 /* PhotoExtensions.swift */,
			);
			path = ManagedObjectsExtensions;
			sourceTree = "<group>";
		};
/* End PBXGroup section */

/* Begin PBXNativeTarget section */
		30C8AC61289E2F8100E1B967 /* virtual-tourist */ = {
			isa = PBXNativeTarget;
			buildConfigurationList = 30C8AC79289E2F8300E1B967 /* Build configuration list for PBXNativeTarget "virtual-tourist" */;
			buildPhases = (
				30C8AC5E289E2F8100E1B967 /* Sources */,
				30C8AC5F289E2F8100E1B967 /* Frameworks */,
				30C8AC60289E2F8100E1B967 /* Resources */,
			);
			buildRules = (
			);
			dependencies = (
			);
			name = "virtual-tourist";
			productName = "virtual-tourist";
			productReference = 30C8AC62289E2F8100E1B967 /* virtual-tourist.app */;
			productType = "com.apple.product-type.application";
		};
/* End PBXNativeTarget section */

/* Begin PBXProject section */
		30C8AC5A289E2F8100E1B967 /* Project object */ = {
			isa = PBXProject;
			attributes = {
				BuildIndependentTargetsInParallel = 1;
				LastSwiftUpdateCheck = 1340;
				LastUpgradeCheck = 1340;
				TargetAttributes = {
					30C8AC61289E2F8100E1B967 = {
						CreatedOnToolsVersion = 13.4.1;
					};
				};
			};
			buildConfigurationList = 30C8AC5D289E2F8100E1B967 /* Build configuration list for PBXProject "virtual-tourist" */;
			compatibilityVersion = "Xcode 13.0";
			developmentRegion = en;
			hasScannedForEncodings = 0;
			knownRegions = (
				en,
				Base,
			);
			mainGroup = 30C8AC59289E2F8100E1B967;
			productRefGroup = 30C8AC63289E2F8100E1B967 /* Products */;
			projectDirPath = "";
			projectRoot = "";
			targets = (
				30C8AC61289E2F8100E1B967 /* virtual-tourist */,
			);
		};
/* End PBXProject section */

/* Begin PBXResourcesBuildPhase section */
		30C8AC60289E2F8100E1B967 /* Resources */ = {
			isa = PBXResourcesBuildPhase;
			buildActionMask = 2147483647;
			files = (
				30C8AC75289E2F8300E1B967 /* LaunchScreen.storyboard in Resources */,
				30C8AC72289E2F8300E1B967 /* Assets.xcassets in Resources */,
				30C8AC6D289E2F8200E1B967 /* Main.storyboard in Resources */,
			);
			runOnlyForDeploymentPostprocessing = 0;
		};
/* End PBXResourcesBuildPhase section */

/* Begin PBXSourcesBuildPhase section */
		30C8AC5E289E2F8100E1B967 /* Sources */ = {
			isa = PBXSourcesBuildPhase;
			buildActionMask = 2147483647;
			files = (
				30C8AC9828A0BB5700E1B967 /* PhotoAlbumViewController.swift in Sources */,
				30C8AC9428A0A27100E1B967 /* MapViewController.swift in Sources */,
				30C8AC70289E2F8200E1B967 /* virtual_tourist.xcdatamodeld in Sources */,
				30C8AC87289E5ECD00E1B967 /* SearchRequestParams.swift in Sources */,
				30C8AC66289E2F8100E1B967 /* AppDelegate.swift in Sources */,
				30C8AC9628A0B8EF00E1B967 /* MapLocationPin.swift in Sources */,
				30C8AC9228A0A1E700E1B967 /* PhotoExtensions.swift in Sources */,
				30C8AC84289E5CF700E1B967 /* APIClient.swift in Sources */,
				30C8AC8D28A0987600E1B967 /* DataController.swift in Sources */,
				30C8AC68289E2F8200E1B967 /* SceneDelegate.swift in Sources */,
				30C8AC9A28A0D4F800E1B967 /* PhotoAlbumViewCell.swift in Sources */,
				30C8AC8B28A0922600E1B967 /* PhotoResponse.swift in Sources */,
				30C8AC9028A0A1AC00E1B967 /* Pin+Extensions.swift in Sources */,
			);
			runOnlyForDeploymentPostprocessing = 0;
		};
/* End PBXSourcesBuildPhase section */

/* Begin PBXVariantGroup section */
		30C8AC6B289E2F8200E1B967 /* Main.storyboard */ = {
			isa = PBXVariantGroup;
			children = (
				30C8AC6C289E2F8200E1B967 /* Base */,
			);
			name = Main.storyboard;
			sourceTree = "<group>";
		};
		30C8AC73289E2F8300E1B967 /* LaunchScreen.storyboard */ = {
			isa = PBXVariantGroup;
			children = (
				30C8AC74289E2F8300E1B967 /* Base */,
			);
			name = LaunchScreen.storyboard;
			sourceTree = "<group>";
		};
/* End PBXVariantGroup section */

/* Begin XCBuildConfiguration section */
		30C8AC77289E2F8300E1B967 /* Debug */ = {
			isa = XCBuildConfiguration;
			buildSettings = {
				ALWAYS_SEARCH_USER_PATHS = NO;
				CLANG_ANALYZER_NONNULL = YES;
				CLANG_ANALYZER_NUMBER_OBJECT_CONVERSION = YES_AGGRESSIVE;
				CLANG_CXX_LANGUAGE_STANDARD = "gnu++17";
				CLANG_ENABLE_MODULES = YES;
				CLANG_ENABLE_OBJC_ARC = YES;
				CLANG_ENABLE_OBJC_WEAK = YES;
				CLANG_WARN_BLOCK_CAPTURE_AUTORELEASING = YES;
				CLANG_WARN_BOOL_CONVERSION = YES;
				CLANG_WARN_COMMA = YES;
				CLANG_WARN_CONSTANT_CONVERSION = YES;
				CLANG_WARN_DEPRECATED_OBJC_IMPLEMENTATIONS = YES;
				CLANG_WARN_DIRECT_OBJC_ISA_USAGE = YES_ERROR;
				CLANG_WARN_DOCUMENTATION_COMMENTS = YES;
				CLANG_WARN_EMPTY_BODY = YES;
				CLANG_WARN_ENUM_CONVERSION = YES;
				CLANG_WARN_INFINITE_RECURSION = YES;
				CLANG_WARN_INT_CONVERSION = YES;
				CLANG_WARN_NON_LITERAL_NULL_CONVERSION = YES;
				CLANG_WARN_OBJC_IMPLICIT_RETAIN_SELF = YES;
				CLANG_WARN_OBJC_LITERAL_CONVERSION = YES;
				CLANG_WARN_OBJC_ROOT_CLASS = YES_ERROR;
				CLANG_WARN_QUOTED_INCLUDE_IN_FRAMEWORK_HEADER = YES;
				CLANG_WARN_RANGE_LOOP_ANALYSIS = YES;
				CLANG_WARN_STRICT_PROTOTYPES = YES;
				CLANG_WARN_SUSPICIOUS_MOVE = YES;
				CLANG_WARN_UNGUARDED_AVAILABILITY = YES_AGGRESSIVE;
				CLANG_WARN_UNREACHABLE_CODE = YES;
				CLANG_WARN__DUPLICATE_METHOD_MATCH = YES;
				COPY_PHASE_STRIP = NO;
				DEBUG_INFORMATION_FORMAT = dwarf;
				ENABLE_STRICT_OBJC_MSGSEND = YES;
				ENABLE_TESTABILITY = YES;
				GCC_C_LANGUAGE_STANDARD = gnu11;
				GCC_DYNAMIC_NO_PIC = NO;
				GCC_NO_COMMON_BLOCKS = YES;
				GCC_OPTIMIZATION_LEVEL = 0;
				GCC_PREPROCESSOR_DEFINITIONS = (
					"DEBUG=1",
					"$(inherited)",
				);
				GCC_WARN_64_TO_32_BIT_CONVERSION = YES;
				GCC_WARN_ABOUT_RETURN_TYPE = YES_ERROR;
				GCC_WARN_UNDECLARED_SELECTOR = YES;
				GCC_WARN_UNINITIALIZED_AUTOS = YES_AGGRESSIVE;
				GCC_WARN_UNUSED_FUNCTION = YES;
				GCC_WARN_UNUSED_VARIABLE = YES;
				IPHONEOS_DEPLOYMENT_TARGET = 15.5;
				MTL_ENABLE_DEBUG_INFO = INCLUDE_SOURCE;
				MTL_FAST_MATH = YES;
				ONLY_ACTIVE_ARCH = YES;
				SDKROOT = iphoneos;
				SWIFT_ACTIVE_COMPILATION_CONDITIONS = DEBUG;
				SWIFT_OPTIMIZATION_LEVEL = "-Onone";
			};
			name = Debug;
		};
		30C8AC78289E2F8300E1B967 /* Release */ = {
			isa = XCBuildConfiguration;
			buildSettings = {
				ALWAYS_SEARCH_USER_PATHS = NO;
				CLANG_ANALYZER_NONNULL = YES;
				CLANG_ANALYZER_NUMBER_OBJECT_CONVERSION = YES_AGGRESSIVE;
				CLANG_CXX_LANGUAGE_STANDARD = "gnu++17";
				CLANG_ENABLE_MODULES = YES;
				CLANG_ENABLE_OBJC_ARC = YES;
				CLANG_ENABLE_OBJC_WEAK = YES;
				CLANG_WARN_BLOCK_CAPTURE_AUTORELEASING = YES;
				CLANG_WARN_BOOL_CONVERSION = YES;
				CLANG_WARN_COMMA = YES;
				CLANG_WARN_CONSTANT_CONVERSION = YES;
				CLANG_WARN_DEPRECATED_OBJC_IMPLEMENTATIONS = YES;
				CLANG_WARN_DIRECT_OBJC_ISA_USAGE = YES_ERROR;
				CLANG_WARN_DOCUMENTATION_COMMENTS = YES;
				CLANG_WARN_EMPTY_BODY = YES;
				CLANG_WARN_ENUM_CONVERSION = YES;
				CLANG_WARN_INFINITE_RECURSION = YES;
				CLANG_WARN_INT_CONVERSION = YES;
				CLANG_WARN_NON_LITERAL_NULL_CONVERSION = YES;
				CLANG_WARN_OBJC_IMPLICIT_RETAIN_SELF = YES;
				CLANG_WARN_OBJC_LITERAL_CONVERSION = YES;
				CLANG_WARN_OBJC_ROOT_CLASS = YES_ERROR;
				CLANG_WARN_QUOTED_INCLUDE_IN_FRAMEWORK_HEADER = YES;
				CLANG_WARN_RANGE_LOOP_ANALYSIS = YES;
				CLANG_WARN_STRICT_PROTOTYPES = YES;
				CLANG_WARN_SUSPICIOUS_MOVE = YES;
				CLANG_WARN_UNGUARDED_AVAILABILITY = YES_AGGRESSIVE;
				CLANG_WARN_UNREACHABLE_CODE = YES;
				CLANG_WARN__DUPLICATE_METHOD_MATCH = YES;
				COPY_PHASE_STRIP = NO;
				DEBUG_INFORMATION_FORMAT = "dwarf-with-dsym";
				ENABLE_NS_ASSERTIONS = NO;
				ENABLE_STRICT_OBJC_MSGSEND = YES;
				GCC_C_LANGUAGE_STANDARD = gnu11;
				GCC_NO_COMMON_BLOCKS = YES;
				GCC_WARN_64_TO_32_BIT_CONVERSION = YES;
				GCC_WARN_ABOUT_RETURN_TYPE = YES_ERROR;
				GCC_WARN_UNDECLARED_SELECTOR = YES;
				GCC_WARN_UNINITIALIZED_AUTOS = YES_AGGRESSIVE;
				GCC_WARN_UNUSED_FUNCTION = YES;
				GCC_WARN_UNUSED_VARIABLE = YES;
				IPHONEOS_DEPLOYMENT_TARGET = 15.5;
				MTL_ENABLE_DEBUG_INFO = NO;
				MTL_FAST_MATH = YES;
				SDKROOT = iphoneos;
				SWIFT_COMPILATION_MODE = wholemodule;
				SWIFT_OPTIMIZATION_LEVEL = "-O";
				VALIDATE_PRODUCT = YES;
			};
			name = Release;
		};
		30C8AC7A289E2F8300E1B967 /* Debug */ = {
			isa = XCBuildConfiguration;
			buildSettings = {
				ASSETCATALOG_COMPILER_APPICON_NAME = AppIcon;
				ASSETCATALOG_COMPILER_GLOBAL_ACCENT_COLOR_NAME = AccentColor;
				CODE_SIGN_STYLE = Automatic;
				CURRENT_PROJECT_VERSION = 1;
				DEVELOPMENT_TEAM = 3TRZ37292W;
				GENERATE_INFOPLIST_FILE = YES;
				INFOPLIST_FILE = "virtual-tourist/Info.plist";
				INFOPLIST_KEY_UIApplicationSupportsIndirectInputEvents = YES;
				INFOPLIST_KEY_UILaunchStoryboardName = LaunchScreen;
				INFOPLIST_KEY_UIMainStoryboardFile = Main;
				INFOPLIST_KEY_UISupportedInterfaceOrientations_iPad = "UIInterfaceOrientationPortrait UIInterfaceOrientationPortraitUpsideDown UIInterfaceOrientationLandscapeLeft UIInterfaceOrientationLandscapeRight";
				INFOPLIST_KEY_UISupportedInterfaceOrientations_iPhone = "UIInterfaceOrientationPortrait UIInterfaceOrientationLandscapeLeft UIInterfaceOrientationLandscapeRight";
				LD_RUNPATH_SEARCH_PATHS = (
					"$(inherited)",
					"@executable_path/Frameworks",
				);
				MARKETING_VERSION = 1.0;
				PRODUCT_BUNDLE_IDENTIFIER = "rhaxiel.net.virtual-tourist";
				PRODUCT_NAME = "$(TARGET_NAME)";
				SWIFT_EMIT_LOC_STRINGS = YES;
				SWIFT_VERSION = 5.0;
				TARGETED_DEVICE_FAMILY = "1,2";
			};
			name = Debug;
		};
		30C8AC7B289E2F8300E1B967 /* Release */ = {
			isa = XCBuildConfiguration;
			buildSettings = {
				ASSETCATALOG_COMPILER_APPICON_NAME = AppIcon;
				ASSETCATALOG_COMPILER_GLOBAL_ACCENT_COLOR_NAME = AccentColor;
				CODE_SIGN_STYLE = Automatic;
				CURRENT_PROJECT_VERSION = 1;
				DEVELOPMENT_TEAM = 3TRZ37292W;
				GENERATE_INFOPLIST_FILE = YES;
				INFOPLIST_FILE = "virtual-tourist/Info.plist";
				INFOPLIST_KEY_UIApplicationSupportsIndirectInputEvents = YES;
				INFOPLIST_KEY_UILaunchStoryboardName = LaunchScreen;
				INFOPLIST_KEY_UIMainStoryboardFile = Main;
				INFOPLIST_KEY_UISupportedInterfaceOrientations_iPad = "UIInterfaceOrientationPortrait UIInterfaceOrientationPortraitUpsideDown UIInterfaceOrientationLandscapeLeft UIInterfaceOrientationLandscapeRight";
				INFOPLIST_KEY_UISupportedInterfaceOrientations_iPhone = "UIInterfaceOrientationPortrait UIInterfaceOrientationLandscapeLeft UIInterfaceOrientationLandscapeRight";
				LD_RUNPATH_SEARCH_PATHS = (
					"$(inherited)",
					"@executable_path/Frameworks",
				);
				MARKETING_VERSION = 1.0;
				PRODUCT_BUNDLE_IDENTIFIER = "rhaxiel.net.virtual-tourist";
				PRODUCT_NAME = "$(TARGET_NAME)";
				SWIFT_EMIT_LOC_STRINGS = YES;
				SWIFT_VERSION = 5.0;
				TARGETED_DEVICE_FAMILY = "1,2";
			};
			name = Release;
		};
/* End XCBuildConfiguration section */

/* Begin XCConfigurationList section */
		30C8AC5D289E2F8100E1B967 /* Build configuration list for PBXProject "virtual-tourist" */ = {
			isa = XCConfigurationList;
			buildConfigurations = (
				30C8AC77289E2F8300E1B967 /* Debug */,
				30C8AC78289E2F8300E1B967 /* Release */,
			);
			defaultConfigurationIsVisible = 0;
			defaultConfigurationName = Release;
		};
		30C8AC79289E2F8300E1B967 /* Build configuration list for PBXNativeTarget "virtual-tourist" */ = {
			isa = XCConfigurationList;
			buildConfigurations = (
				30C8AC7A289E2F8300E1B967 /* Debug */,
				30C8AC7B289E2F8300E1B967 /* Release */,
			);
			defaultConfigurationIsVisible = 0;
			defaultConfigurationName = Release;
		};
/* End XCConfigurationList section */

/* Begin XCVersionGroup section */
		30C8AC6E289E2F8200E1B967 /* virtual_tourist.xcdatamodeld */ = {
			isa = XCVersionGroup;
			children = (
				30C8AC6F289E2F8200E1B967 /* virtual_tourist.xcdatamodel */,
			);
			currentVersion = 30C8AC6F289E2F8200E1B967 /* virtual_tourist.xcdatamodel */;
			path = virtual_tourist.xcdatamodeld;
			sourceTree = "<group>";
			versionGroupType = wrapper.xcdatamodel;
		};
/* End XCVersionGroup section */
	};
	rootObject = 30C8AC5A289E2F8100E1B967 /* Project object */;
}
